
Microsoft Visual Studio Solution File, Format Version 12.00
# Visual Studio Version 16
VisualStudioVersion = 16.0.31112.23
MinimumVisualStudioVersion = 10.0.40219.1
Project("{FAE04EC0-301F-11D3-BF4B-00C04F79EFBC}") = "DemoSentEmail", "DemoSentEmail\DemoSentEmail.csproj", "{165BF548-B98B-4ABA-99FA-2252E8706600}"
EndProject
Global
	GlobalSection(SolutionConfigurationPlatforms) = preSolution
		Debug|Any CPU = Debug|Any CPU
		Release|Any CPU = Release|Any CPU
	EndGlobalSection
	GlobalSection(ProjectConfigurationPlatforms) = postSolution
		{165BF548-B98B-4ABA-99FA-2252E8706600}.Debug|Any CPU.ActiveCfg = Debug|Any CPU
		{165BF548-B98B-4ABA-99FA-2252E8706600}.Debug|Any CPU.Build.0 = Debug|Any CPU
		{165BF548-B98B-4ABA-99FA-2252E8706600}.Release|Any CPU.ActiveCfg = Release|Any CPU
		{165BF548-B98B-4ABA-99FA-2252E8706600}.Release|Any CPU.Build.0 = Release|Any CPU
	EndGlobalSection
	GlobalSection(SolutionProperties) = preSolution
		HideSolutionNode = FALSE
	EndGlobalSection
	GlobalSection(ExtensibilityGlobals) = postSolution
		SolutionGuid = {402429E1-17B2-4010-8FEA-0A120A482EE8}
	EndGlobalSection
EndGlobal
